
Microsoft Visual Studio Solution File, Format Version 12.00
# Visual Studio 15
VisualStudioVersion = 15.0.26228.4
MinimumVisualStudioVersion = 10.0.40219.1
Project("{FAE04EC0-301F-11D3-BF4B-00C04F79EFBC}") = "FatCat.XUnitRunner", "FatCat.XUnitRunner\FatCat.XUnitRunner.csproj", "{9934DAD5-6019-4F61-A351-B96E488FDB2E}"
EndProject
Project("{FAE04EC0-301F-11D3-BF4B-00C04F79EFBC}") = "FatCat.XUnitRunner.Tests", "FatCat.XUnitRunner.Tests\FatCat.XUnitRunner.Tests.csproj", "{20E90CAA-3E2C-41AE-A0EB-A4337CF66C48}"
EndProject
Global
	GlobalSection(SolutionConfigurationPlatforms) = preSolution
		Debug|Any CPU = Debug|Any CPU
		Release|Any CPU = Release|Any CPU
	EndGlobalSection
	GlobalSection(ProjectConfigurationPlatforms) = postSolution
		{9934DAD5-6019-4F61-A351-B96E488FDB2E}.Debug|Any CPU.ActiveCfg = Debug|Any CPU
		{9934DAD5-6019-4F61-A351-B96E488FDB2E}.Debug|Any CPU.Build.0 = Debug|Any CPU
		{9934DAD5-6019-4F61-A351-B96E488FDB2E}.Release|Any CPU.ActiveCfg = Release|Any CPU
		{9934DAD5-6019-4F61-A351-B96E488FDB2E}.Release|Any CPU.Build.0 = Release|Any CPU
		{20E90CAA-3E2C-41AE-A0EB-A4337CF66C48}.Debug|Any CPU.ActiveCfg = Debug|Any CPU
		{20E90CAA-3E2C-41AE-A0EB-A4337CF66C48}.Debug|Any CPU.Build.0 = Debug|Any CPU
		{20E90CAA-3E2C-41AE-A0EB-A4337CF66C48}.Release|Any CPU.ActiveCfg = Release|Any CPU
		{20E90CAA-3E2C-41AE-A0EB-A4337CF66C48}.Release|Any CPU.Build.0 = Release|Any CPU
	EndGlobalSection
	GlobalSection(SolutionProperties) = preSolution
		HideSolutionNode = FALSE
	EndGlobalSection
	GlobalSection(ExtensibilityGlobals) = postSolution
		SolutionGuid = {A00114B1-F06B-4D0A-BC3B-0012EDBF547B}
	EndGlobalSection
EndGlobal
